
Microsoft Visual Studio Solution File, Format Version 12.00
# Visual Studio Version 17
VisualStudioVersion = 17.3.32929.385
MinimumVisualStudioVersion = 10.0.40219.1
Project("{9A19103F-16F7-4668-BE54-9A1E7A4F7556}") = "Tankontroller", "Tankontroller\Tankontroller.csproj", "{C0B0E341-0CE0-494D-BB43-576FA722F2B8}"
EndProject
Global
	GlobalSection(SolutionConfigurationPlatforms) = preSolution
		Debug|Any CPU = Debug|Any CPU
		Debug|ARM64 = Debug|ARM64
		Release|Any CPU = Release|Any CPU
		Release|ARM64 = Release|ARM64
	EndGlobalSection
	GlobalSection(ProjectConfigurationPlatforms) = postSolution
		{C0B0E341-0CE0-494D-BB43-576FA722F2B8}.Debug|Any CPU.ActiveCfg = Debug|Any CPU
		{C0B0E341-0CE0-494D-BB43-576FA722F2B8}.Debug|Any CPU.Build.0 = Debug|Any CPU
		{C0B0E341-0CE0-494D-BB43-576FA722F2B8}.Debug|ARM64.ActiveCfg = Debug|ARM64
		{C0B0E341-0CE0-494D-BB43-576FA722F2B8}.Debug|ARM64.Build.0 = Debug|ARM64
		{C0B0E341-0CE0-494D-BB43-576FA722F2B8}.Release|Any CPU.ActiveCfg = Release|Any CPU
		{C0B0E341-0CE0-494D-BB43-576FA722F2B8}.Release|Any CPU.Build.0 = Release|Any CPU
		{C0B0E341-0CE0-494D-BB43-576FA722F2B8}.Release|ARM64.ActiveCfg = Release|ARM64
		{C0B0E341-0CE0-494D-BB43-576FA722F2B8}.Release|ARM64.Build.0 = Release|ARM64
	EndGlobalSection
	GlobalSection(SolutionProperties) = preSolution
		HideSolutionNode = FALSE
	EndGlobalSection
	GlobalSection(ExtensibilityGlobals) = postSolution
		SolutionGuid = {28C3CBCB-55B1-45BB-9E10-8447213F33C6}
	EndGlobalSection
EndGlobal
